// !$*UTF8*$!
{
	archiveVersion = 1;
	classes = {
	};
	objectVersion = 56;
	objects = {

/* Begin PBXBuildFile section */
		D6E95FBF2AB5E0EE00E232D8 /* ScrumDailyAppApp.swift in Sources */ = {isa = PBXBuildFile; fileRef = D6E95FBE2AB5E0EE00E232D8 /* ScrumDailyAppApp.swift */; };
		D6E95FC12AB5E0EE00E232D8 /* MeetingDetailView.swift in Sources */ = {isa = PBXBuildFile; fileRef = D6E95FC02AB5E0EE00E232D8 /* MeetingDetailView.swift */; };
		D6E95FC32AB5E0F000E232D8 /* Assets.xcassets in Resources */ = {isa = PBXBuildFile; fileRef = D6E95FC22AB5E0F000E232D8 /* Assets.xcassets */; };
		D6E95FC62AB5E0F000E232D8 /* Preview Assets.xcassets in Resources */ = {isa = PBXBuildFile; fileRef = D6E95FC52AB5E0F000E232D8 /* Preview Assets.xcassets */; };
		D6E95FD02AB5E0F000E232D8 /* ScrumDailyAppTests.swift in Sources */ = {isa = PBXBuildFile; fileRef = D6E95FCF2AB5E0F000E232D8 /* ScrumDailyAppTests.swift */; };
		D6E95FDA2AB5E0F000E232D8 /* ScrumDailyAppUITests.swift in Sources */ = {isa = PBXBuildFile; fileRef = D6E95FD92AB5E0F000E232D8 /* ScrumDailyAppUITests.swift */; };
		D6E95FDC2AB5E0F000E232D8 /* ScrumDailyAppUITestsLaunchTests.swift in Sources */ = {isa = PBXBuildFile; fileRef = D6E95FDB2AB5E0F000E232D8 /* ScrumDailyAppUITestsLaunchTests.swift */; };
		D6E95FEA2AB5E5F300E232D8 /* Themes.swift in Sources */ = {isa = PBXBuildFile; fileRef = D6E95FE92AB5E5F300E232D8 /* Themes.swift */; };
		D6E95FEC2AB5E64C00E232D8 /* DailyScrum.swift in Sources */ = {isa = PBXBuildFile; fileRef = D6E95FEB2AB5E64C00E232D8 /* DailyScrum.swift */; };
		D6E95FEE2AB5E68C00E232D8 /* CardView.swift in Sources */ = {isa = PBXBuildFile; fileRef = D6E95FED2AB5E68C00E232D8 /* CardView.swift */; };
		D6E95FF02AB5E87F00E232D8 /* TrailingIconLabelStyle.swift in Sources */ = {isa = PBXBuildFile; fileRef = D6E95FEF2AB5E87F00E232D8 /* TrailingIconLabelStyle.swift */; };
		D6E95FF22AB5EAD500E232D8 /* ScrumsView.swift in Sources */ = {isa = PBXBuildFile; fileRef = D6E95FF12AB5EAD500E232D8 /* ScrumsView.swift */; };
		D6E95FF72AB5F54500E232D8 /* DetailView.swift in Sources */ = {isa = PBXBuildFile; fileRef = D6E95FF62AB5F54500E232D8 /* DetailView.swift */; };
/* End PBXBuildFile section */

/* Begin PBXContainerItemProxy section */
		D6E95FCC2AB5E0F000E232D8 /* PBXContainerItemProxy */ = {
			isa = PBXContainerItemProxy;
			containerPortal = D6E95FB32AB5E0EE00E232D8 /* Project object */;
			proxyType = 1;
			remoteGlobalIDString = D6E95FBA2AB5E0EE00E232D8;
			remoteInfo = ScrumDailyApp;
		};
		D6E95FD62AB5E0F000E232D8 /* PBXContainerItemProxy */ = {
			isa = PBXContainerItemProxy;
			containerPortal = D6E95FB32AB5E0EE00E232D8 /* Project object */;
			proxyType = 1;
			remoteGlobalIDString = D6E95FBA2AB5E0EE00E232D8;
			remoteInfo = ScrumDailyApp;
		};
/* End PBXContainerItemProxy section */

/* Begin PBXFileReference section */
		D6E95FBB2AB5E0EE00E232D8 /* ScrumDailyApp.app */ = {isa = PBXFileReference; explicitFileType = wrapper.application; includeInIndex = 0; path = ScrumDailyApp.app; sourceTree = BUILT_PRODUCTS_DIR; };
		D6E95FBE2AB5E0EE00E232D8 /* ScrumDailyAppApp.swift */ = {isa = PBXFileReference; lastKnownFileType = sourcecode.swift; path = ScrumDailyAppApp.swift; sourceTree = "<group>"; };
		D6E95FC02AB5E0EE00E232D8 /* MeetingDetailView.swift */ = {isa = PBXFileReference; lastKnownFileType = sourcecode.swift; path = MeetingDetailView.swift; sourceTree = "<group>"; };
		D6E95FC22AB5E0F000E232D8 /* Assets.xcassets */ = {isa = PBXFileReference; lastKnownFileType = folder.assetcatalog; path = Assets.xcassets; sourceTree = "<group>"; };
		D6E95FC52AB5E0F000E232D8 /* Preview Assets.xcassets */ = {isa = PBXFileReference; lastKnownFileType = folder.assetcatalog; path = "Preview Assets.xcassets"; sourceTree = "<group>"; };
		D6E95FCB2AB5E0F000E232D8 /* ScrumDailyAppTests.xctest */ = {isa = PBXFileReference; explicitFileType = wrapper.cfbundle; includeInIndex = 0; path = ScrumDailyAppTests.xctest; sourceTree = BUILT_PRODUCTS_DIR; };
		D6E95FCF2AB5E0F000E232D8 /* ScrumDailyAppTests.swift */ = {isa = PBXFileReference; lastKnownFileType = sourcecode.swift; path = ScrumDailyAppTests.swift; sourceTree = "<group>"; };
		D6E95FD52AB5E0F000E232D8 /* ScrumDailyAppUITests.xctest */ = {isa = PBXFileReference; explicitFileType = wrapper.cfbundle; includeInIndex = 0; path = ScrumDailyAppUITests.xctest; sourceTree = BUILT_PRODUCTS_DIR; };
		D6E95FD92AB5E0F000E232D8 /* ScrumDailyAppUITests.swift */ = {isa = PBXFileReference; lastKnownFileType = sourcecode.swift; path = ScrumDailyAppUITests.swift; sourceTree = "<group>"; };
		D6E95FDB2AB5E0F000E232D8 /* ScrumDailyAppUITestsLaunchTests.swift */ = {isa = PBXFileReference; lastKnownFileType = sourcecode.swift; path = ScrumDailyAppUITestsLaunchTests.swift; sourceTree = "<group>"; };
		D6E95FE92AB5E5F300E232D8 /* Themes.swift */ = {isa = PBXFileReference; lastKnownFileType = sourcecode.swift; path = Themes.swift; sourceTree = "<group>"; };
		D6E95FEB2AB5E64C00E232D8 /* DailyScrum.swift */ = {isa = PBXFileReference; lastKnownFileType = sourcecode.swift; path = DailyScrum.swift; sourceTree = "<group>"; };
		D6E95FED2AB5E68C00E232D8 /* CardView.swift */ = {isa = PBXFileReference; lastKnownFileType = sourcecode.swift; path = CardView.swift; sourceTree = "<group>"; };
		D6E95FEF2AB5E87F00E232D8 /* TrailingIconLabelStyle.swift */ = {isa = PBXFileReference; lastKnownFileType = sourcecode.swift; path = TrailingIconLabelStyle.swift; sourceTree = "<group>"; };
		D6E95FF12AB5EAD500E232D8 /* ScrumsView.swift */ = {isa = PBXFileReference; lastKnownFileType = sourcecode.swift; path = ScrumsView.swift; sourceTree = "<group>"; };
		D6E95FF62AB5F54500E232D8 /* DetailView.swift */ = {isa = PBXFileReference; lastKnownFileType = sourcecode.swift; path = DetailView.swift; sourceTree = "<group>"; };
/* End PBXFileReference section */

/* Begin PBXFrameworksBuildPhase section */
		D6E95FB82AB5E0EE00E232D8 /* Frameworks */ = {
			isa = PBXFrameworksBuildPhase;
			buildActionMask = 2147483647;
			files = (
			);
			runOnlyForDeploymentPostprocessing = 0;
		};
		D6E95FC82AB5E0F000E232D8 /* Frameworks */ = {
			isa = PBXFrameworksBuildPhase;
			buildActionMask = 2147483647;
			files = (
			);
			runOnlyForDeploymentPostprocessing = 0;
		};
		D6E95FD22AB5E0F000E232D8 /* Frameworks */ = {
			isa = PBXFrameworksBuildPhase;
			buildActionMask = 2147483647;
			files = (
			);
			runOnlyForDeploymentPostprocessing = 0;
		};
/* End PBXFrameworksBuildPhase section */

/* Begin PBXGroup section */
		D6E95FB22AB5E0EE00E232D8 = {
			isa = PBXGroup;
			children = (
				D6E95FBD2AB5E0EE00E232D8 /* ScrumDailyApp */,
				D6E95FCE2AB5E0F000E232D8 /* ScrumDailyAppTests */,
				D6E95FD82AB5E0F000E232D8 /* ScrumDailyAppUITests */,
				D6E95FBC2AB5E0EE00E232D8 /* Products */,
			);
			sourceTree = "<group>";
		};
		D6E95FBC2AB5E0EE00E232D8 /* Products */ = {
			isa = PBXGroup;
			children = (
				D6E95FBB2AB5E0EE00E232D8 /* ScrumDailyApp.app */,
				D6E95FCB2AB5E0F000E232D8 /* ScrumDailyAppTests.xctest */,
				D6E95FD52AB5E0F000E232D8 /* ScrumDailyAppUITests.xctest */,
			);
			name = Products;
			sourceTree = "<group>";
		};
		D6E95FBD2AB5E0EE00E232D8 /* ScrumDailyApp */ = {
			isa = PBXGroup;
			children = (
				D6E95FF42AB5F37D00E232D8 /* Views */,
				D6E95FF32AB5F16400E232D8 /* Widgets */,
				D6E95FE82AB5E5D900E232D8 /* Models */,
				D6E95FBE2AB5E0EE00E232D8 /* ScrumDailyAppApp.swift */,
				D6E95FC22AB5E0F000E232D8 /* Assets.xcassets */,
				D6E95FC42AB5E0F000E232D8 /* Preview Content */,
			);
			path = ScrumDailyApp;
			sourceTree = "<group>";
		};
		D6E95FC42AB5E0F000E232D8 /* Preview Content */ = {
			isa = PBXGroup;
			children = (
				D6E95FC52AB5E0F000E232D8 /* Preview Assets.xcassets */,
			);
			path = "Preview Content";
			sourceTree = "<group>";
		};
		D6E95FCE2AB5E0F000E232D8 /* ScrumDailyAppTests */ = {
			isa = PBXGroup;
			children = (
				D6E95FCF2AB5E0F000E232D8 /* ScrumDailyAppTests.swift */,
			);
			path = ScrumDailyAppTests;
			sourceTree = "<group>";
		};
		D6E95FD82AB5E0F000E232D8 /* ScrumDailyAppUITests */ = {
			isa = PBXGroup;
			children = (
				D6E95FD92AB5E0F000E232D8 /* ScrumDailyAppUITests.swift */,
				D6E95FDB2AB5E0F000E232D8 /* ScrumDailyAppUITestsLaunchTests.swift */,
			);
			path = ScrumDailyAppUITests;
			sourceTree = "<group>";
		};
		D6E95FE82AB5E5D900E232D8 /* Models */ = {
			isa = PBXGroup;
			children = (
				D6E95FEF2AB5E87F00E232D8 /* TrailingIconLabelStyle.swift */,
				D6E95FE92AB5E5F300E232D8 /* Themes.swift */,
				D6E95FEB2AB5E64C00E232D8 /* DailyScrum.swift */,
			);
			path = Models;
			sourceTree = "<group>";
		};
		D6E95FF32AB5F16400E232D8 /* Widgets */ = {
			isa = PBXGroup;
			children = (
				D6E95FED2AB5E68C00E232D8 /* CardView.swift */,
			);
			path = Widgets;
			sourceTree = "<group>";
		};
		D6E95FF42AB5F37D00E232D8 /* Views */ = {
			isa = PBXGroup;
			children = (
				D6E95FF12AB5EAD500E232D8 /* ScrumsView.swift */,
				D6E95FC02AB5E0EE00E232D8 /* MeetingDetailView.swift */,
				D6E95FF62AB5F54500E232D8 /* DetailView.swift */,
			);
			path = Views;
			sourceTree = "<group>";
		};
/* End PBXGroup section */

/* Begin PBXNativeTarget section */
		D6E95FBA2AB5E0EE00E232D8 /* ScrumDailyApp */ = {
			isa = PBXNativeTarget;
			buildConfigurationList = D6E95FDF2AB5E0F000E232D8 /* Build configuration list for PBXNativeTarget "ScrumDailyApp" */;
			buildPhases = (
				D6E95FB72AB5E0EE00E232D8 /* Sources */,
				D6E95FB82AB5E0EE00E232D8 /* Frameworks */,
				D6E95FB92AB5E0EE00E232D8 /* Resources */,
			);
			buildRules = (
			);
			dependencies = (
			);
			name = ScrumDailyApp;
			productName = ScrumDailyApp;
			productReference = D6E95FBB2AB5E0EE00E232D8 /* ScrumDailyApp.app */;
			productType = "com.apple.product-type.application";
		};
		D6E95FCA2AB5E0F000E232D8 /* ScrumDailyAppTests */ = {
			isa = PBXNativeTarget;
			buildConfigurationList = D6E95FE22AB5E0F000E232D8 /* Build configuration list for PBXNativeTarget "ScrumDailyAppTests" */;
			buildPhases = (
				D6E95FC72AB5E0F000E232D8 /* Sources */,
				D6E95FC82AB5E0F000E232D8 /* Frameworks */,
				D6E95FC92AB5E0F000E232D8 /* Resources */,
			);
			buildRules = (
			);
			dependencies = (
				D6E95FCD2AB5E0F000E232D8 /* PBXTargetDependency */,
			);
			name = ScrumDailyAppTests;
			productName = ScrumDailyAppTests;
			productReference = D6E95FCB2AB5E0F000E232D8 /* ScrumDailyAppTests.xctest */;
			productType = "com.apple.product-type.bundle.unit-test";
		};
		D6E95FD42AB5E0F000E232D8 /* ScrumDailyAppUITests */ = {
			isa = PBXNativeTarget;
			buildConfigurationList = D6E95FE52AB5E0F000E232D8 /* Build configuration list for PBXNativeTarget "ScrumDailyAppUITests" */;
			buildPhases = (
				D6E95FD12AB5E0F000E232D8 /* Sources */,
				D6E95FD22AB5E0F000E232D8 /* Frameworks */,
				D6E95FD32AB5E0F000E232D8 /* Resources */,
			);
			buildRules = (
			);
			dependencies = (
				D6E95FD72AB5E0F000E232D8 /* PBXTargetDependency */,
			);
			name = ScrumDailyAppUITests;
			productName = ScrumDailyAppUITests;
			productReference = D6E95FD52AB5E0F000E232D8 /* ScrumDailyAppUITests.xctest */;
			productType = "com.apple.product-type.bundle.ui-testing";
		};
/* End PBXNativeTarget section */

/* Begin PBXProject section */
		D6E95FB32AB5E0EE00E232D8 /* Project object */ = {
			isa = PBXProject;
			attributes = {
				BuildIndependentTargetsInParallel = 1;
				LastSwiftUpdateCheck = 1430;
				LastUpgradeCheck = 1430;
				TargetAttributes = {
					D6E95FBA2AB5E0EE00E232D8 = {
						CreatedOnToolsVersion = 14.3.1;
					};
					D6E95FCA2AB5E0F000E232D8 = {
						CreatedOnToolsVersion = 14.3.1;
						TestTargetID = D6E95FBA2AB5E0EE00E232D8;
					};
					D6E95FD42AB5E0F000E232D8 = {
						CreatedOnToolsVersion = 14.3.1;
						TestTargetID = D6E95FBA2AB5E0EE00E232D8;
					};
				};
			};
			buildConfigurationList = D6E95FB62AB5E0EE00E232D8 /* Build configuration list for PBXProject "ScrumDailyApp" */;
			compatibilityVersion = "Xcode 14.0";
			developmentRegion = en;
			hasScannedForEncodings = 0;
			knownRegions = (
				en,
				Base,
			);
			mainGroup = D6E95FB22AB5E0EE00E232D8;
			productRefGroup = D6E95FBC2AB5E0EE00E232D8 /* Products */;
			projectDirPath = "";
			projectRoot = "";
			targets = (
				D6E95FBA2AB5E0EE00E232D8 /* ScrumDailyApp */,
				D6E95FCA2AB5E0F000E232D8 /* ScrumDailyAppTests */,
				D6E95FD42AB5E0F000E232D8 /* ScrumDailyAppUITests */,
			);
		};
/* End PBXProject section */

/* Begin PBXResourcesBuildPhase section */
		D6E95FB92AB5E0EE00E232D8 /* Resources */ = {
			isa = PBXResourcesBuildPhase;
			buildActionMask = 2147483647;
			files = (
				D6E95FC62AB5E0F000E232D8 /* Preview Assets.xcassets in Resources */,
				D6E95FC32AB5E0F000E232D8 /* Assets.xcassets in Resources */,
			);
			runOnlyForDeploymentPostprocessing = 0;
		};
		D6E95FC92AB5E0F000E232D8 /* Resources */ = {
			isa = PBXResourcesBuildPhase;
			buildActionMask = 2147483647;
			files = (
			);
			runOnlyForDeploymentPostprocessing = 0;
		};
		D6E95FD32AB5E0F000E232D8 /* Resources */ = {
			isa = PBXResourcesBuildPhase;
			buildActionMask = 2147483647;
			files = (
			);
			runOnlyForDeploymentPostprocessing = 0;
		};
/* End PBXResourcesBuildPhase section */

/* Begin PBXSourcesBuildPhase section */
		D6E95FB72AB5E0EE00E232D8 /* Sources */ = {
			isa = PBXSourcesBuildPhase;
			buildActionMask = 2147483647;
			files = (
				D6E95FEC2AB5E64C00E232D8 /* DailyScrum.swift in Sources */,
				D6E95FF72AB5F54500E232D8 /* DetailView.swift in Sources */,
				D6E95FF02AB5E87F00E232D8 /* TrailingIconLabelStyle.swift in Sources */,
				D6E95FC12AB5E0EE00E232D8 /* MeetingDetailView.swift in Sources */,
				D6E95FF22AB5EAD500E232D8 /* ScrumsView.swift in Sources */,
				D6E95FEA2AB5E5F300E232D8 /* Themes.swift in Sources */,
				D6E95FBF2AB5E0EE00E232D8 /* ScrumDailyAppApp.swift in Sources */,
				D6E95FEE2AB5E68C00E232D8 /* CardView.swift in Sources */,
			);
			runOnlyForDeploymentPostprocessing = 0;
		};
		D6E95FC72AB5E0F000E232D8 /* Sources */ = {
			isa = PBXSourcesBuildPhase;
			buildActionMask = 2147483647;
			files = (
				D6E95FD02AB5E0F000E232D8 /* ScrumDailyAppTests.swift in Sources */,
			);
			runOnlyForDeploymentPostprocessing = 0;
		};
		D6E95FD12AB5E0F000E232D8 /* Sources */ = {
			isa = PBXSourcesBuildPhase;
			buildActionMask = 2147483647;
			files = (
				D6E95FDA2AB5E0F000E232D8 /* ScrumDailyAppUITests.swift in Sources */,
				D6E95FDC2AB5E0F000E232D8 /* ScrumDailyAppUITestsLaunchTests.swift in Sources */,
			);
			runOnlyForDeploymentPostprocessing = 0;
		};
/* End PBXSourcesBuildPhase section */

/* Begin PBXTargetDependency section */
		D6E95FCD2AB5E0F000E232D8 /* PBXTargetDependency */ = {
			isa = PBXTargetDependency;
			target = D6E95FBA2AB5E0EE00E232D8 /* ScrumDailyApp */;
			targetProxy = D6E95FCC2AB5E0F000E232D8 /* PBXContainerItemProxy */;
		};
		D6E95FD72AB5E0F000E232D8 /* PBXTargetDependency */ = {
			isa = PBXTargetDependency;
			target = D6E95FBA2AB5E0EE00E232D8 /* ScrumDailyApp */;
			targetProxy = D6E95FD62AB5E0F000E232D8 /* PBXContainerItemProxy */;
		};
/* End PBXTargetDependency section */

/* Begin XCBuildConfiguration section */
		D6E95FDD2AB5E0F000E232D8 /* Debug */ = {
			isa = XCBuildConfiguration;
			buildSettings = {
				ALWAYS_SEARCH_USER_PATHS = NO;
				CLANG_ANALYZER_NONNULL = YES;
				CLANG_ANALYZER_NUMBER_OBJECT_CONVERSION = YES_AGGRESSIVE;
				CLANG_CXX_LANGUAGE_STANDARD = "gnu++20";
				CLANG_ENABLE_MODULES = YES;
				CLANG_ENABLE_OBJC_ARC = YES;
				CLANG_ENABLE_OBJC_WEAK = YES;
				CLANG_WARN_BLOCK_CAPTURE_AUTORELEASING = YES;
				CLANG_WARN_BOOL_CONVERSION = YES;
				CLANG_WARN_COMMA = YES;
				CLANG_WARN_CONSTANT_CONVERSION = YES;
				CLANG_WARN_DEPRECATED_OBJC_IMPLEMENTATIONS = YES;
				CLANG_WARN_DIRECT_OBJC_ISA_USAGE = YES_ERROR;
				CLANG_WARN_DOCUMENTATION_COMMENTS = YES;
				CLANG_WARN_EMPTY_BODY = YES;
				CLANG_WARN_ENUM_CONVERSION = YES;
				CLANG_WARN_INFINITE_RECURSION = YES;
				CLANG_WARN_INT_CONVERSION = YES;
				CLANG_WARN_NON_LITERAL_NULL_CONVERSION = YES;
				CLANG_WARN_OBJC_IMPLICIT_RETAIN_SELF = YES;
				CLANG_WARN_OBJC_LITERAL_CONVERSION = YES;
				CLANG_WARN_OBJC_ROOT_CLASS = YES_ERROR;
				CLANG_WARN_QUOTED_INCLUDE_IN_FRAMEWORK_HEADER = YES;
				CLANG_WARN_RANGE_LOOP_ANALYSIS = YES;
				CLANG_WARN_STRICT_PROTOTYPES = YES;
				CLANG_WARN_SUSPICIOUS_MOVE = YES;
				CLANG_WARN_UNGUARDED_AVAILABILITY = YES_AGGRESSIVE;
				CLANG_WARN_UNREACHABLE_CODE = YES;
				CLANG_WARN__DUPLICATE_METHOD_MATCH = YES;
				COPY_PHASE_STRIP = NO;
				DEBUG_INFORMATION_FORMAT = dwarf;
				ENABLE_STRICT_OBJC_MSGSEND = YES;
				ENABLE_TESTABILITY = YES;
				GCC_C_LANGUAGE_STANDARD = gnu11;
				GCC_DYNAMIC_NO_PIC = NO;
				GCC_NO_COMMON_BLOCKS = YES;
				GCC_OPTIMIZATION_LEVEL = 0;
				GCC_PREPROCESSOR_DEFINITIONS = (
					"DEBUG=1",
					"$(inherited)",
				);
				GCC_WARN_64_TO_32_BIT_CONVERSION = YES;
				GCC_WARN_ABOUT_RETURN_TYPE = YES_ERROR;
				GCC_WARN_UNDECLARED_SELECTOR = YES;
				GCC_WARN_UNINITIALIZED_AUTOS = YES_AGGRESSIVE;
				GCC_WARN_UNUSED_FUNCTION = YES;
				GCC_WARN_UNUSED_VARIABLE = YES;
				IPHONEOS_DEPLOYMENT_TARGET = 16.4;
				MTL_ENABLE_DEBUG_INFO = INCLUDE_SOURCE;
				MTL_FAST_MATH = YES;
				ONLY_ACTIVE_ARCH = YES;
				SDKROOT = iphoneos;
				SWIFT_ACTIVE_COMPILATION_CONDITIONS = DEBUG;
				SWIFT_OPTIMIZATION_LEVEL = "-Onone";
			};
			name = Debug;
		};
		D6E95FDE2AB5E0F000E232D8 /* Release */ = {
			isa = XCBuildConfiguration;
			buildSettings = {
				ALWAYS_SEARCH_USER_PATHS = NO;
				CLANG_ANALYZER_NONNULL = YES;
				CLANG_ANALYZER_NUMBER_OBJECT_CONVERSION = YES_AGGRESSIVE;
				CLANG_CXX_LANGUAGE_STANDARD = "gnu++20";
				CLANG_ENABLE_MODULES = YES;
				CLANG_ENABLE_OBJC_ARC = YES;
				CLANG_ENABLE_OBJC_WEAK = YES;
				CLANG_WARN_BLOCK_CAPTURE_AUTORELEASING = YES;
				CLANG_WARN_BOOL_CONVERSION = YES;
				CLANG_WARN_COMMA = YES;
				CLANG_WARN_CONSTANT_CONVERSION = YES;
				CLANG_WARN_DEPRECATED_OBJC_IMPLEMENTATIONS = YES;
				CLANG_WARN_DIRECT_OBJC_ISA_USAGE = YES_ERROR;
				CLANG_WARN_DOCUMENTATION_COMMENTS = YES;
				CLANG_WARN_EMPTY_BODY = YES;
				CLANG_WARN_ENUM_CONVERSION = YES;
				CLANG_WARN_INFINITE_RECURSION = YES;
				CLANG_WARN_INT_CONVERSION = YES;
				CLANG_WARN_NON_LITERAL_NULL_CONVERSION = YES;
				CLANG_WARN_OBJC_IMPLICIT_RETAIN_SELF = YES;
				CLANG_WARN_OBJC_LITERAL_CONVERSION = YES;
				CLANG_WARN_OBJC_ROOT_CLASS = YES_ERROR;
				CLANG_WARN_QUOTED_INCLUDE_IN_FRAMEWORK_HEADER = YES;
				CLANG_WARN_RANGE_LOOP_ANALYSIS = YES;
				CLANG_WARN_STRICT_PROTOTYPES = YES;
				CLANG_WARN_SUSPICIOUS_MOVE = YES;
				CLANG_WARN_UNGUARDED_AVAILABILITY = YES_AGGRESSIVE;
				CLANG_WARN_UNREACHABLE_CODE = YES;
				CLANG_WARN__DUPLICATE_METHOD_MATCH = YES;
				COPY_PHASE_STRIP = NO;
				DEBUG_INFORMATION_FORMAT = "dwarf-with-dsym";
				ENABLE_NS_ASSERTIONS = NO;
				ENABLE_STRICT_OBJC_MSGSEND = YES;
				GCC_C_LANGUAGE_STANDARD = gnu11;
				GCC_NO_COMMON_BLOCKS = YES;
				GCC_WARN_64_TO_32_BIT_CONVERSION = YES;
				GCC_WARN_ABOUT_RETURN_TYPE = YES_ERROR;
				GCC_WARN_UNDECLARED_SELECTOR = YES;
				GCC_WARN_UNINITIALIZED_AUTOS = YES_AGGRESSIVE;
				GCC_WARN_UNUSED_FUNCTION = YES;
				GCC_WARN_UNUSED_VARIABLE = YES;
				IPHONEOS_DEPLOYMENT_TARGET = 16.4;
				MTL_ENABLE_DEBUG_INFO = NO;
				MTL_FAST_MATH = YES;
				SDKROOT = iphoneos;
				SWIFT_COMPILATION_MODE = wholemodule;
				SWIFT_OPTIMIZATION_LEVEL = "-O";
				VALIDATE_PRODUCT = YES;
			};
			name = Release;
		};
		D6E95FE02AB5E0F000E232D8 /* Debug */ = {
			isa = XCBuildConfiguration;
			buildSettings = {
				ASSETCATALOG_COMPILER_APPICON_NAME = AppIcon;
				ASSETCATALOG_COMPILER_GLOBAL_ACCENT_COLOR_NAME = AccentColor;
				CODE_SIGN_STYLE = Automatic;
				CURRENT_PROJECT_VERSION = 1;
				DEVELOPMENT_ASSET_PATHS = "\"ScrumDailyApp/Preview Content\"";
				ENABLE_PREVIEWS = YES;
				GENERATE_INFOPLIST_FILE = YES;
				INFOPLIST_KEY_UIApplicationSceneManifest_Generation = YES;
				INFOPLIST_KEY_UIApplicationSupportsIndirectInputEvents = YES;
				INFOPLIST_KEY_UILaunchScreen_Generation = YES;
				INFOPLIST_KEY_UISupportedInterfaceOrientations_iPad = "UIInterfaceOrientationPortrait UIInterfaceOrientationPortraitUpsideDown UIInterfaceOrientationLandscapeLeft UIInterfaceOrientationLandscapeRight";
				INFOPLIST_KEY_UISupportedInterfaceOrientations_iPhone = "UIInterfaceOrientationPortrait UIInterfaceOrientationLandscapeLeft UIInterfaceOrientationLandscapeRight";
				LD_RUNPATH_SEARCH_PATHS = (
					"$(inherited)",
					"@executable_path/Frameworks",
				);
				MARKETING_VERSION = 1.0;
				PRODUCT_BUNDLE_IDENTIFIER = mohammad.ScrumDailyApp;
				PRODUCT_NAME = "$(TARGET_NAME)";
				SWIFT_EMIT_LOC_STRINGS = YES;
				SWIFT_VERSION = 5.0;
				TARGETED_DEVICE_FAMILY = "1,2";
			};
			name = Debug;
		};
		D6E95FE12AB5E0F000E232D8 /* Release */ = {
			isa = XCBuildConfiguration;
			buildSettings = {
				ASSETCATALOG_COMPILER_APPICON_NAME = AppIcon;
				ASSETCATALOG_COMPILER_GLOBAL_ACCENT_COLOR_NAME = AccentColor;
				CODE_SIGN_STYLE = Automatic;
				CURRENT_PROJECT_VERSION = 1;
				DEVELOPMENT_ASSET_PATHS = "\"ScrumDailyApp/Preview Content\"";
				ENABLE_PREVIEWS = YES;
				GENERATE_INFOPLIST_FILE = YES;
				INFOPLIST_KEY_UIApplicationSceneManifest_Generation = YES;
				INFOPLIST_KEY_UIApplicationSupportsIndirectInputEvents = YES;
				INFOPLIST_KEY_UILaunchScreen_Generation = YES;
				INFOPLIST_KEY_UISupportedInterfaceOrientations_iPad = "UIInterfaceOrientationPortrait UIInterfaceOrientationPortraitUpsideDown UIInterfaceOrientationLandscapeLeft UIInterfaceOrientationLandscapeRight";
				INFOPLIST_KEY_UISupportedInterfaceOrientations_iPhone = "UIInterfaceOrientationPortrait UIInterfaceOrientationLandscapeLeft UIInterfaceOrientationLandscapeRight";
				LD_RUNPATH_SEARCH_PATHS = (
					"$(inherited)",
					"@executable_path/Frameworks",
				);
				MARKETING_VERSION = 1.0;
				PRODUCT_BUNDLE_IDENTIFIER = mohammad.ScrumDailyApp;
				PRODUCT_NAME = "$(TARGET_NAME)";
				SWIFT_EMIT_LOC_STRINGS = YES;
				SWIFT_VERSION = 5.0;
				TARGETED_DEVICE_FAMILY = "1,2";
			};
			name = Release;
		};
		D6E95FE32AB5E0F000E232D8 /* Debug */ = {
			isa = XCBuildConfiguration;
			buildSettings = {
				ALWAYS_EMBED_SWIFT_STANDARD_LIBRARIES = YES;
				BUNDLE_LOADER = "$(TEST_HOST)";
				CODE_SIGN_STYLE = Automatic;
				CURRENT_PROJECT_VERSION = 1;
				GENERATE_INFOPLIST_FILE = YES;
				IPHONEOS_DEPLOYMENT_TARGET = 16.4;
				MARKETING_VERSION = 1.0;
				PRODUCT_BUNDLE_IDENTIFIER = mohammad.ScrumDailyAppTests;
				PRODUCT_NAME = "$(TARGET_NAME)";
				SWIFT_EMIT_LOC_STRINGS = NO;
				SWIFT_VERSION = 5.0;
				TARGETED_DEVICE_FAMILY = "1,2";
				TEST_HOST = "$(BUILT_PRODUCTS_DIR)/ScrumDailyApp.app/$(BUNDLE_EXECUTABLE_FOLDER_PATH)/ScrumDailyApp";
			};
			name = Debug;
		};
		D6E95FE42AB5E0F000E232D8 /* Release */ = {
			isa = XCBuildConfiguration;
			buildSettings = {
				ALWAYS_EMBED_SWIFT_STANDARD_LIBRARIES = YES;
				BUNDLE_LOADER = "$(TEST_HOST)";
				CODE_SIGN_STYLE = Automatic;
				CURRENT_PROJECT_VERSION = 1;
				GENERATE_INFOPLIST_FILE = YES;
				IPHONEOS_DEPLOYMENT_TARGET = 16.4;
				MARKETING_VERSION = 1.0;
				PRODUCT_BUNDLE_IDENTIFIER = mohammad.ScrumDailyAppTests;
				PRODUCT_NAME = "$(TARGET_NAME)";
				SWIFT_EMIT_LOC_STRINGS = NO;
				SWIFT_VERSION = 5.0;
				TARGETED_DEVICE_FAMILY = "1,2";
				TEST_HOST = "$(BUILT_PRODUCTS_DIR)/ScrumDailyApp.app/$(BUNDLE_EXECUTABLE_FOLDER_PATH)/ScrumDailyApp";
			};
			name = Release;
		};
		D6E95FE62AB5E0F000E232D8 /* Debug */ = {
			isa = XCBuildConfiguration;
			buildSettings = {
				ALWAYS_EMBED_SWIFT_STANDARD_LIBRARIES = YES;
				CODE_SIGN_STYLE = Automatic;
				CURRENT_PROJECT_VERSION = 1;
				GENERATE_INFOPLIST_FILE = YES;
				MARKETING_VERSION = 1.0;
				PRODUCT_BUNDLE_IDENTIFIER = mohammad.ScrumDailyAppUITests;
				PRODUCT_NAME = "$(TARGET_NAME)";
				SWIFT_EMIT_LOC_STRINGS = NO;
				SWIFT_VERSION = 5.0;
				TARGETED_DEVICE_FAMILY = "1,2";
				TEST_TARGET_NAME = ScrumDailyApp;
			};
			name = Debug;
		};
		D6E95FE72AB5E0F000E232D8 /* Release */ = {
			isa = XCBuildConfiguration;
			buildSettings = {
				ALWAYS_EMBED_SWIFT_STANDARD_LIBRARIES = YES;
				CODE_SIGN_STYLE = Automatic;
				CURRENT_PROJECT_VERSION = 1;
				GENERATE_INFOPLIST_FILE = YES;
				MARKETING_VERSION = 1.0;
				PRODUCT_BUNDLE_IDENTIFIER = mohammad.ScrumDailyAppUITests;
				PRODUCT_NAME = "$(TARGET_NAME)";
				SWIFT_EMIT_LOC_STRINGS = NO;
				SWIFT_VERSION = 5.0;
				TARGETED_DEVICE_FAMILY = "1,2";
				TEST_TARGET_NAME = ScrumDailyApp;
			};
			name = Release;
		};
/* End XCBuildConfiguration section */

/* Begin XCConfigurationList section */
		D6E95FB62AB5E0EE00E232D8 /* Build configuration list for PBXProject "ScrumDailyApp" */ = {
			isa = XCConfigurationList;
			buildConfigurations = (
				D6E95FDD2AB5E0F000E232D8 /* Debug */,
				D6E95FDE2AB5E0F000E232D8 /* Release */,
			);
			defaultConfigurationIsVisible = 0;
			defaultConfigurationName = Release;
		};
		D6E95FDF2AB5E0F000E232D8 /* Build configuration list for PBXNativeTarget "ScrumDailyApp" */ = {
			isa = XCConfigurationList;
			buildConfigurations = (
				D6E95FE02AB5E0F000E232D8 /* Debug */,
				D6E95FE12AB5E0F000E232D8 /* Release */,
			);
			defaultConfigurationIsVisible = 0;
			defaultConfigurationName = Release;
		};
		D6E95FE22AB5E0F000E232D8 /* Build configuration list for PBXNativeTarget "ScrumDailyAppTests" */ = {
			isa = XCConfigurationList;
			buildConfigurations = (
				D6E95FE32AB5E0F000E232D8 /* Debug */,
				D6E95FE42AB5E0F000E232D8 /* Release */,
			);
			defaultConfigurationIsVisible = 0;
			defaultConfigurationName = Release;
		};
		D6E95FE52AB5E0F000E232D8 /* Build configuration list for PBXNativeTarget "ScrumDailyAppUITests" */ = {
			isa = XCConfigurationList;
			buildConfigurations = (
				D6E95FE62AB5E0F000E232D8 /* Debug */,
				D6E95FE72AB5E0F000E232D8 /* Release */,
			);
			defaultConfigurationIsVisible = 0;
			defaultConfigurationName = Release;
		};
/* End XCConfigurationList section */
	};
	rootObject = D6E95FB32AB5E0EE00E232D8 /* Project object */;
}
